{
  "name": "test-client",
  "version": "1.0.0",
  "lockfileVersion": 1,
  "requires": true,
  "dependencies": {
    "@types/node": {
      "version": "12.7.12",
      "resolved": "https://registry.npmjs.org/@types/node/-/node-12.7.12.tgz",
      "integrity": "sha512-KPYGmfD0/b1eXurQ59fXD1GBzhSQfz6/lKBxkaHX9dKTzjXbK68Zt7yGUxUsCS1jeTy/8aL+d9JEr+S54mpkWQ==",
      "dev": true
    },
    "@types/sockjs": {
      "version": "0.3.31",
      "resolved": "https://registry.npmjs.org/@types/sockjs/-/sockjs-0.3.31.tgz",
      "integrity": "sha512-6d+6cH187jHWoUP07fzDQkC1fATu7TXMNJaCKwMwpcjkRvAK4T7bDw8sukL3rE8A/ZEPmo94YghsgCkI2/V8kw==",
      "dev": true,
      "requires": {
        "@types/node": "*"
      }
    },
    "@types/stompjs": {
      "version": "2.3.4",
      "resolved": "https://registry.npmjs.org/@types/stompjs/-/stompjs-2.3.4.tgz",
      "integrity": "sha512-CoVRBSFz1pcj6AvbHHyGqPcvbE1q4LEXCY+lN3qz7YYpEl6If4XwBLWPgbB2P5qnX7o/10KorY4Rg0oFrM30Yg==",
      "dev": true,
      "requires": {
        "@types/node": "*"
      }
    },
    "debug": {
      "version": "2.6.9",
      "resolved": "https://registry.npmjs.org/debug/-/debug-2.6.9.tgz",
      "integrity": "sha512-bC7ElrdJaJnPbAP+1EotYvqZsb3ecl5wi6Bfi6BJTUcNowp6cvspg0jXznRTKDjm/E7AdgFBVeAPVMNcKGsHMA==",
      "optional": true,
      "requires": {
        "ms": "2.0.0"
      }
    },
    "faye-websocket": {
      "version": "0.10.0",
      "resolved": "https://registry.npmjs.org/faye-websocket/-/faye-websocket-0.10.0.tgz",
      "integrity": "sha1-TkkvjQTftviQA1B/btvy1QHnxvQ=",
      "requires": {
        "websocket-driver": ">=0.5.1"
      }
    },
    "http-parser-js": {
      "version": "0.4.10",
      "resolved": "https://registry.npmjs.org/http-parser-js/-/http-parser-js-0.4.10.tgz",
      "integrity": "sha1-ksnBN0w1CF912zWexWzCV8u5P6Q="
    },
    "is-typedarray": {
      "version": "1.0.0",
      "resolved": "https://registry.npmjs.org/is-typedarray/-/is-typedarray-1.0.0.tgz",
      "integrity": "sha1-5HnICFjfDBsR3dppQPlgEfzaSpo=",
      "optional": true
    },
    "ms": {
      "version": "2.0.0",
      "resolved": "https://registry.npmjs.org/ms/-/ms-2.0.0.tgz",
      "integrity": "sha1-VgiurfwAvmwpAd9fmGF4jeDVl8g=",
      "optional": true
    },
    "nan": {
      "version": "2.14.0",
      "resolved": "https://registry.npmjs.org/nan/-/nan-2.14.0.tgz",
      "integrity": "sha512-INOFj37C7k3AfaNTtX8RhsTw7qRy7eLET14cROi9+5HAVbbHuIWUHEauBv5qT4Av2tWasiTY1Jw6puUNqRJXQg==",
      "optional": true
    },
    "safe-buffer": {
      "version": "5.2.0",
      "resolved": "https://registry.npmjs.org/safe-buffer/-/safe-buffer-5.2.0.tgz",
      "integrity": "sha512-fZEwUGbVl7kouZs1jCdMLdt95hdIv0ZeHg6L7qPeciMZhZ+/gdesW4wgTARkrFWEpspjEATAzUGPG8N2jJiwbg=="
    },
    "sockjs": {
      "version": "0.3.19",
      "resolved": "https://registry.npmjs.org/sockjs/-/sockjs-0.3.19.tgz",
      "integrity": "sha512-V48klKZl8T6MzatbLlzzRNhMepEys9Y4oGFpypBFFn1gLI/QQ9HtLLyWJNbPlwGLelOVOEijUbTTJeLLI59jLw==",
      "requires": {
        "faye-websocket": "^0.10.0",
        "uuid": "^3.0.1"
      }
    },
    "stompjs": {
      "version": "2.3.3",
      "resolved": "https://registry.npmjs.org/stompjs/-/stompjs-2.3.3.tgz",
      "integrity": "sha1-NBeKx7uO4pTMXVVK2LUPf1RZ/Y4=",
      "requires": {
        "websocket": "^1.0.30"
      }
    },
    "typedarray-to-buffer": {
      "version": "3.1.5",
      "resolved": "https://registry.npmjs.org/typedarray-to-buffer/-/typedarray-to-buffer-3.1.5.tgz",
      "integrity": "sha512-zdu8XMNEDepKKR+XYOXAVPtWui0ly0NtohUscw+UmaHiAWT8hrV1rr//H6V+0DvJ3OQ19S979M0laLfX8rm82Q==",
      "optional": true,
      "requires": {
        "is-typedarray": "^1.0.0"
      }
    },
    "typescript": {
      "version": "3.6.4",
      "resolved": "https://registry.npmjs.org/typescript/-/typescript-3.6.4.tgz",
      "integrity": "sha512-unoCll1+l+YK4i4F8f22TaNVPRHcD9PA3yCuZ8g5e0qGqlVlJ/8FSateOLLSagn+Yg5+ZwuPkL8LFUc0Jcvksg==",
      "dev": true
    },
    "uuid": {
      "version": "3.3.3",
      "resolved": "https://registry.npmjs.org/uuid/-/uuid-3.3.3.tgz",
      "integrity": "sha512-pW0No1RGHgzlpHJO1nsVrHKpOEIxkGg1xB+v0ZmdNH5OAeAwzAVrCnI2/6Mtx+Uys6iaylxa+D3g4j63IKKjSQ=="
    },
    "websocket": {
      "version": "1.0.30",
      "resolved": "https://registry.npmjs.org/websocket/-/websocket-1.0.30.tgz",
      "integrity": "sha512-aO6klgaTdSMkhfl5VVJzD5fm+Srhh5jLYbS15+OiI1sN6h/RU/XW6WN9J1uVIpUKNmsTvT3Hs35XAFjn9NMfOw==",
      "optional": true,
      "requires": {
        "debug": "^2.2.0",
        "nan": "^2.14.0",
        "typedarray-to-buffer": "^3.1.5",
        "yaeti": "^0.0.6"
      }
    },
    "websocket-driver": {
      "version": "0.7.3",
      "resolved": "https://registry.npmjs.org/websocket-driver/-/websocket-driver-0.7.3.tgz",
      "integrity": "sha512-bpxWlvbbB459Mlipc5GBzzZwhoZgGEZLuqPaR0INBGnPAY1vdBX6hPnoFXiw+3yWxDuHyQjO2oXTMyS8A5haFg==",
      "requires": {
        "http-parser-js": ">=0.4.0 <0.4.11",
        "safe-buffer": ">=5.1.0",
        "websocket-extensions": ">=0.1.1"
      }
    },
    "websocket-extensions": {
      "version": "0.1.3",
      "resolved": "https://registry.npmjs.org/websocket-extensions/-/websocket-extensions-0.1.3.tgz",
      "integrity": "sha512-nqHUnMXmBzT0w570r2JpJxfiSD1IzoI+HGVdd3aZ0yNi3ngvQ4jv1dtHt5VGxfI2yj5yqImPhOK4vmIh2xMbGg=="
    },
    "yaeti": {
      "version": "0.0.6",
      "resolved": "https://registry.npmjs.org/yaeti/-/yaeti-0.0.6.tgz",
      "integrity": "sha1-8m9ITXJoTPQr7ft2lwqhYI+/lXc=",
      "optional": true
    }
  }
}
